// !$*UTF8*$!
{
	archiveVersion = 1;
	classes = {
	};
	objectVersion = 50;
	objects = {

/* Begin PBXBuildFile section */
		7D30BB9A260C552C00E7757F /* MapViewController.swift in Sources */ = {isa = PBXBuildFile; fileRef = 7D30BB99260C552C00E7757F /* MapViewController.swift */; };
		7D30BB9D260C570900E7757F /* MapViewModelType.swift in Sources */ = {isa = PBXBuildFile; fileRef = 7D30BB9C260C570900E7757F /* MapViewModelType.swift */; };
		7D30BBA3260C57DA00E7757F /* MapViewModel.swift in Sources */ = {isa = PBXBuildFile; fileRef = 7D30BBA2260C57DA00E7757F /* MapViewModel.swift */; };
		7D30BBA7260C60E500E7757F /* LocalStorageService.swift in Sources */ = {isa = PBXBuildFile; fileRef = 7D30BBA6260C60E500E7757F /* LocalStorageService.swift */; };
		7D55A93E2609D0E3003E19DA /* Constants.swift in Sources */ = {isa = PBXBuildFile; fileRef = 7D55A93D2609D0E3003E19DA /* Constants.swift */; };
		7DA57AA82609AE50008FE912 /* NetworkService.swift in Sources */ = {isa = PBXBuildFile; fileRef = 7DA57AA72609AE50008FE912 /* NetworkService.swift */; };
		7DA57AAB2609B911008FE912 /* GetCityResponse.swift in Sources */ = {isa = PBXBuildFile; fileRef = 7DA57AAA2609B911008FE912 /* GetCityResponse.swift */; };
		7DA57AAE2609B9B8008FE912 /* CityNetworkService.swift in Sources */ = {isa = PBXBuildFile; fileRef = 7DA57AAD2609B9B8008FE912 /* CityNetworkService.swift */; };
		7DE751C826086E020099A0E1 /* Storyboarded.swift in Sources */ = {isa = PBXBuildFile; fileRef = 7DE751C726086E020099A0E1 /* Storyboarded.swift */; };
		7DE751CD26086EC00099A0E1 /* TableViewController.swift in Sources */ = {isa = PBXBuildFile; fileRef = 7DE751CC26086EC00099A0E1 /* TableViewController.swift */; };
		7DE751D026086F210099A0E1 /* TableViewModel.swift in Sources */ = {isa = PBXBuildFile; fileRef = 7DE751CF26086F210099A0E1 /* TableViewModel.swift */; };
		7DE751D426086F780099A0E1 /* City.swift in Sources */ = {isa = PBXBuildFile; fileRef = 7DE751D326086F780099A0E1 /* City.swift */; };
		7DE751D8260870A00099A0E1 /* TableViewModelType.swift in Sources */ = {isa = PBXBuildFile; fileRef = 7DE751D7260870A00099A0E1 /* TableViewModelType.swift */; };
		7DE751DB260872030099A0E1 /* Extensions.swift in Sources */ = {isa = PBXBuildFile; fileRef = 7DE751DA260872030099A0E1 /* Extensions.swift */; };
		7DE751DE260872640099A0E1 /* CityTableViewCell.swift in Sources */ = {isa = PBXBuildFile; fileRef = 7DE751DD260872640099A0E1 /* CityTableViewCell.swift */; };
		7DE751E1260874350099A0E1 /* AddCityTableViewCell.swift in Sources */ = {isa = PBXBuildFile; fileRef = 7DE751E0260874350099A0E1 /* AddCityTableViewCell.swift */; };
		7DE751E4260876E50099A0E1 /* TableViewCellViewModelType.swift in Sources */ = {isa = PBXBuildFile; fileRef = 7DE751E3260876E50099A0E1 /* TableViewCellViewModelType.swift */; };
		7DE751E8260878460099A0E1 /* TableViewCellViewModel.swift in Sources */ = {isa = PBXBuildFile; fileRef = 7DE751E7260878460099A0E1 /* TableViewCellViewModel.swift */; };
		7DE751EE26087BC20099A0E1 /* DetailViewController.swift in Sources */ = {isa = PBXBuildFile; fileRef = 7DE751ED26087BC20099A0E1 /* DetailViewController.swift */; };
		7DE751F126087CC70099A0E1 /* DetailViewModelType.swift in Sources */ = {isa = PBXBuildFile; fileRef = 7DE751F026087CC70099A0E1 /* DetailViewModelType.swift */; };
		7DE751F426087D550099A0E1 /* DetailViewModel.swift in Sources */ = {isa = PBXBuildFile; fileRef = 7DE751F326087D550099A0E1 /* DetailViewModel.swift */; };
		7DE751FC260898870099A0E1 /* Coordinates.swift in Sources */ = {isa = PBXBuildFile; fileRef = 7DE751FB260898870099A0E1 /* Coordinates.swift */; };
		7DE751FF26089AAC0099A0E1 /* SelectLocationViewModelType.swift in Sources */ = {isa = PBXBuildFile; fileRef = 7DE751FE26089AAC0099A0E1 /* SelectLocationViewModelType.swift */; };
		7DE7520326089B480099A0E1 /* SelectLocationViewController.swift in Sources */ = {isa = PBXBuildFile; fileRef = 7DE7520226089B480099A0E1 /* SelectLocationViewController.swift */; };
		7DE7520626089B700099A0E1 /* SelectLocationViewModel.swift in Sources */ = {isa = PBXBuildFile; fileRef = 7DE7520526089B700099A0E1 /* SelectLocationViewModel.swift */; };
		7DE752102608B5060099A0E1 /* EditTitleViewController.swift in Sources */ = {isa = PBXBuildFile; fileRef = 7DE7520F2608B5060099A0E1 /* EditTitleViewController.swift */; };
		7DE752132608B5270099A0E1 /* EditTitleCityViewModelType.swift in Sources */ = {isa = PBXBuildFile; fileRef = 7DE752122608B5270099A0E1 /* EditTitleCityViewModelType.swift */; };
		7DE752192608B90F0099A0E1 /* EditTitleViewModel.swift in Sources */ = {isa = PBXBuildFile; fileRef = 7DE752152608B6630099A0E1 /* EditTitleViewModel.swift */; };
		870E30E226084FC900F82987 /* AppDelegate.swift in Sources */ = {isa = PBXBuildFile; fileRef = 870E30E126084FC900F82987 /* AppDelegate.swift */; };
		870E30E426084FC900F82987 /* SceneDelegate.swift in Sources */ = {isa = PBXBuildFile; fileRef = 870E30E326084FC900F82987 /* SceneDelegate.swift */; };
		870E30E926084FC900F82987 /* Main.storyboard in Resources */ = {isa = PBXBuildFile; fileRef = 870E30E726084FC900F82987 /* Main.storyboard */; };
		870E30EB26084FE700F82987 /* Assets.xcassets in Resources */ = {isa = PBXBuildFile; fileRef = 870E30EA26084FE700F82987 /* Assets.xcassets */; };
		870E30EE26084FE700F82987 /* LaunchScreen.storyboard in Resources */ = {isa = PBXBuildFile; fileRef = 870E30EC26084FE700F82987 /* LaunchScreen.storyboard */; };
/* End PBXBuildFile section */

/* Begin PBXFileReference section */
		7D30BB99260C552C00E7757F /* MapViewController.swift */ = {isa = PBXFileReference; lastKnownFileType = sourcecode.swift; path = MapViewController.swift; sourceTree = "<group>"; };
		7D30BB9C260C570900E7757F /* MapViewModelType.swift */ = {isa = PBXFileReference; lastKnownFileType = sourcecode.swift; path = MapViewModelType.swift; sourceTree = "<group>"; };
		7D30BBA2260C57DA00E7757F /* MapViewModel.swift */ = {isa = PBXFileReference; lastKnownFileType = sourcecode.swift; path = MapViewModel.swift; sourceTree = "<group>"; };
		7D30BBA6260C60E500E7757F /* LocalStorageService.swift */ = {isa = PBXFileReference; lastKnownFileType = sourcecode.swift; path = LocalStorageService.swift; sourceTree = "<group>"; };
		7D55A93D2609D0E3003E19DA /* Constants.swift */ = {isa = PBXFileReference; lastKnownFileType = sourcecode.swift; path = Constants.swift; sourceTree = "<group>"; };
		7DA57AA72609AE50008FE912 /* NetworkService.swift */ = {isa = PBXFileReference; lastKnownFileType = sourcecode.swift; path = NetworkService.swift; sourceTree = "<group>"; };
		7DA57AAA2609B911008FE912 /* GetCityResponse.swift */ = {isa = PBXFileReference; lastKnownFileType = sourcecode.swift; path = GetCityResponse.swift; sourceTree = "<group>"; };
		7DA57AAD2609B9B8008FE912 /* CityNetworkService.swift */ = {isa = PBXFileReference; lastKnownFileType = sourcecode.swift; path = CityNetworkService.swift; sourceTree = "<group>"; };
		7DE751C726086E020099A0E1 /* Storyboarded.swift */ = {isa = PBXFileReference; lastKnownFileType = sourcecode.swift; path = Storyboarded.swift; sourceTree = "<group>"; };
		7DE751CC26086EC00099A0E1 /* TableViewController.swift */ = {isa = PBXFileReference; lastKnownFileType = sourcecode.swift; path = TableViewController.swift; sourceTree = "<group>"; };
		7DE751CF26086F210099A0E1 /* TableViewModel.swift */ = {isa = PBXFileReference; lastKnownFileType = sourcecode.swift; path = TableViewModel.swift; sourceTree = "<group>"; };
		7DE751D326086F780099A0E1 /* City.swift */ = {isa = PBXFileReference; lastKnownFileType = sourcecode.swift; path = City.swift; sourceTree = "<group>"; };
		7DE751D7260870A00099A0E1 /* TableViewModelType.swift */ = {isa = PBXFileReference; lastKnownFileType = sourcecode.swift; path = TableViewModelType.swift; sourceTree = "<group>"; };
		7DE751DA260872030099A0E1 /* Extensions.swift */ = {isa = PBXFileReference; lastKnownFileType = sourcecode.swift; path = Extensions.swift; sourceTree = "<group>"; };
		7DE751DD260872640099A0E1 /* CityTableViewCell.swift */ = {isa = PBXFileReference; lastKnownFileType = sourcecode.swift; path = CityTableViewCell.swift; sourceTree = "<group>"; };
		7DE751E0260874350099A0E1 /* AddCityTableViewCell.swift */ = {isa = PBXFileReference; lastKnownFileType = sourcecode.swift; path = AddCityTableViewCell.swift; sourceTree = "<group>"; };
		7DE751E3260876E50099A0E1 /* TableViewCellViewModelType.swift */ = {isa = PBXFileReference; lastKnownFileType = sourcecode.swift; path = TableViewCellViewModelType.swift; sourceTree = "<group>"; };
		7DE751E7260878460099A0E1 /* TableViewCellViewModel.swift */ = {isa = PBXFileReference; lastKnownFileType = sourcecode.swift; path = TableViewCellViewModel.swift; sourceTree = "<group>"; };
		7DE751ED26087BC20099A0E1 /* DetailViewController.swift */ = {isa = PBXFileReference; lastKnownFileType = sourcecode.swift; path = DetailViewController.swift; sourceTree = "<group>"; };
		7DE751F026087CC70099A0E1 /* DetailViewModelType.swift */ = {isa = PBXFileReference; lastKnownFileType = sourcecode.swift; path = DetailViewModelType.swift; sourceTree = "<group>"; };
		7DE751F326087D550099A0E1 /* DetailViewModel.swift */ = {isa = PBXFileReference; lastKnownFileType = sourcecode.swift; path = DetailViewModel.swift; sourceTree = "<group>"; };
		7DE751FB260898870099A0E1 /* Coordinates.swift */ = {isa = PBXFileReference; lastKnownFileType = sourcecode.swift; path = Coordinates.swift; sourceTree = "<group>"; };
		7DE751FE26089AAC0099A0E1 /* SelectLocationViewModelType.swift */ = {isa = PBXFileReference; lastKnownFileType = sourcecode.swift; path = SelectLocationViewModelType.swift; sourceTree = "<group>"; };
		7DE7520226089B480099A0E1 /* SelectLocationViewController.swift */ = {isa = PBXFileReference; lastKnownFileType = sourcecode.swift; path = SelectLocationViewController.swift; sourceTree = "<group>"; };
		7DE7520526089B700099A0E1 /* SelectLocationViewModel.swift */ = {isa = PBXFileReference; lastKnownFileType = sourcecode.swift; path = SelectLocationViewModel.swift; sourceTree = "<group>"; };
		7DE7520F2608B5060099A0E1 /* EditTitleViewController.swift */ = {isa = PBXFileReference; lastKnownFileType = sourcecode.swift; path = EditTitleViewController.swift; sourceTree = "<group>"; };
		7DE752122608B5270099A0E1 /* EditTitleCityViewModelType.swift */ = {isa = PBXFileReference; lastKnownFileType = sourcecode.swift; path = EditTitleCityViewModelType.swift; sourceTree = "<group>"; };
		7DE752152608B6630099A0E1 /* EditTitleViewModel.swift */ = {isa = PBXFileReference; lastKnownFileType = sourcecode.swift; path = EditTitleViewModel.swift; sourceTree = "<group>"; };
		870E30DE26084FC900F82987 /* WeatherApp.app */ = {isa = PBXFileReference; explicitFileType = wrapper.application; includeInIndex = 0; path = WeatherApp.app; sourceTree = BUILT_PRODUCTS_DIR; };
		870E30E126084FC900F82987 /* AppDelegate.swift */ = {isa = PBXFileReference; lastKnownFileType = sourcecode.swift; path = AppDelegate.swift; sourceTree = "<group>"; };
		870E30E326084FC900F82987 /* SceneDelegate.swift */ = {isa = PBXFileReference; lastKnownFileType = sourcecode.swift; path = SceneDelegate.swift; sourceTree = "<group>"; };
		870E30E826084FC900F82987 /* Base */ = {isa = PBXFileReference; lastKnownFileType = file.storyboard; name = Base; path = Base.lproj/Main.storyboard; sourceTree = "<group>"; };
		870E30EA26084FE700F82987 /* Assets.xcassets */ = {isa = PBXFileReference; lastKnownFileType = folder.assetcatalog; path = Assets.xcassets; sourceTree = "<group>"; };
		870E30ED26084FE700F82987 /* Base */ = {isa = PBXFileReference; lastKnownFileType = file.storyboard; name = Base; path = Base.lproj/LaunchScreen.storyboard; sourceTree = "<group>"; };
		870E30EF26084FE700F82987 /* Info.plist */ = {isa = PBXFileReference; lastKnownFileType = text.plist.xml; path = Info.plist; sourceTree = "<group>"; };
/* End PBXFileReference section */

/* Begin PBXFrameworksBuildPhase section */
		870E30DB26084FC900F82987 /* Frameworks */ = {
			isa = PBXFrameworksBuildPhase;
			buildActionMask = 2147483647;
			files = (
			);
			runOnlyForDeploymentPostprocessing = 0;
		};
/* End PBXFrameworksBuildPhase section */

/* Begin PBXGroup section */
		7D30BB96260C544500E7757F /* Table */ = {
			isa = PBXGroup;
			children = (
				7DC8E69F260C4D050013A64B /* TableView */,
				7DE751ED26087BC20099A0E1 /* DetailViewController.swift */,
			);
			path = Table;
			sourceTree = "<group>";
		};
		7D30BB97260C544F00E7757F /* Map */ = {
			isa = PBXGroup;
			children = (
				7D30BB99260C552C00E7757F /* MapViewController.swift */,
			);
			path = Map;
			sourceTree = "<group>";
		};
		7D30BB9F260C57BC00E7757F /* Table */ = {
			isa = PBXGroup;
			children = (
				7DC8E69D260C4CDA0013A64B /* TableView */,
				7DE751F326087D550099A0E1 /* DetailViewModel.swift */,
			);
			path = Table;
			sourceTree = "<group>";
		};
		7D30BBA0260C57C500E7757F /* Map */ = {
			isa = PBXGroup;
			children = (
				7D30BBA2260C57DA00E7757F /* MapViewModel.swift */,
			);
			path = Map;
			sourceTree = "<group>";
		};
		7DA57AA62609AE2A008FE912 /* Services */ = {
			isa = PBXGroup;
			children = (
				7DA57AA72609AE50008FE912 /* NetworkService.swift */,
				7DA57AAD2609B9B8008FE912 /* CityNetworkService.swift */,
				7D30BBA6260C60E500E7757F /* LocalStorageService.swift */,
			);
			path = Services;
			sourceTree = "<group>";
		};
		7DC8E69B260C4C6E0013A64B /* ViewModels */ = {
			isa = PBXGroup;
			children = (
				7D30BB9F260C57BC00E7757F /* Table */,
				7D30BBA0260C57C500E7757F /* Map */,
				7DE7520526089B700099A0E1 /* SelectLocationViewModel.swift */,
				7DE752152608B6630099A0E1 /* EditTitleViewModel.swift */,
			);
			path = ViewModels;
			sourceTree = "<group>";
		};
		7DC8E69C260C4CA60013A64B /* Views */ = {
			isa = PBXGroup;
			children = (
				7D30BB96260C544500E7757F /* Table */,
				7D30BB97260C544F00E7757F /* Map */,
				7DE7520226089B480099A0E1 /* SelectLocationViewController.swift */,
				7DE7520F2608B5060099A0E1 /* EditTitleViewController.swift */,
			);
			path = Views;
			sourceTree = "<group>";
		};
		7DC8E69D260C4CDA0013A64B /* TableView */ = {
			isa = PBXGroup;
			children = (
				7DE751CF26086F210099A0E1 /* TableViewModel.swift */,
				7DC8E69E260C4CED0013A64B /* Cells */,
			);
			path = TableView;
			sourceTree = "<group>";
		};
		7DC8E69E260C4CED0013A64B /* Cells */ = {
			isa = PBXGroup;
			children = (
				7DE751E7260878460099A0E1 /* TableViewCellViewModel.swift */,
			);
			path = Cells;
			sourceTree = "<group>";
		};
		7DC8E69F260C4D050013A64B /* TableView */ = {
			isa = PBXGroup;
			children = (
				7DE751CC26086EC00099A0E1 /* TableViewController.swift */,
				7DC8E6A0260C4D160013A64B /* Cells */,
			);
			path = TableView;
			sourceTree = "<group>";
		};
		7DC8E6A0260C4D160013A64B /* Cells */ = {
			isa = PBXGroup;
			children = (
				7DE751DD260872640099A0E1 /* CityTableViewCell.swift */,
				7DE751E0260874350099A0E1 /* AddCityTableViewCell.swift */,
			);
			path = Cells;
			sourceTree = "<group>";
		};
		7DE751C526086DAE0099A0E1 /* Protocols */ = {
			isa = PBXGroup;
			children = (
				7DE751C726086E020099A0E1 /* Storyboarded.swift */,
				7DE751D7260870A00099A0E1 /* TableViewModelType.swift */,
				7DE751E3260876E50099A0E1 /* TableViewCellViewModelType.swift */,
				7DE751F026087CC70099A0E1 /* DetailViewModelType.swift */,
				7DE751FE26089AAC0099A0E1 /* SelectLocationViewModelType.swift */,
				7DE752122608B5270099A0E1 /* EditTitleCityViewModelType.swift */,
				7D30BB9C260C570900E7757F /* MapViewModelType.swift */,
			);
			path = Protocols;
			sourceTree = "<group>";
		};
		7DE751D226086F590099A0E1 /* Model */ = {
			isa = PBXGroup;
			children = (
				7DE751D326086F780099A0E1 /* City.swift */,
				7DE751FB260898870099A0E1 /* Coordinates.swift */,
				7DA57AAA2609B911008FE912 /* GetCityResponse.swift */,
				7DA57AA62609AE2A008FE912 /* Services */,
			);
			path = Model;
			sourceTree = "<group>";
		};
		870E30D526084FC900F82987 = {
			isa = PBXGroup;
			children = (
				870E30E026084FC900F82987 /* WeatherApp */,
				870E30DF26084FC900F82987 /* Products */,
			);
			sourceTree = "<group>";
		};
		870E30DF26084FC900F82987 /* Products */ = {
			isa = PBXGroup;
			children = (
				870E30DE26084FC900F82987 /* WeatherApp.app */,
			);
			name = Products;
			sourceTree = "<group>";
		};
		870E30E026084FC900F82987 /* WeatherApp */ = {
			isa = PBXGroup;
			children = (
				7DE751D226086F590099A0E1 /* Model */,
				7DC8E69C260C4CA60013A64B /* Views */,
				7DC8E69B260C4C6E0013A64B /* ViewModels */,
				7DE751C526086DAE0099A0E1 /* Protocols */,
				870E30F82608535D00F82987 /* Application */,
				870E30F72608530700F82987 /* Supporting Files */,
			);
			path = WeatherApp;
			sourceTree = "<group>";
		};
		870E30F72608530700F82987 /* Supporting Files */ = {
			isa = PBXGroup;
			children = (
				870E30EA26084FE700F82987 /* Assets.xcassets */,
				870E30EF26084FE700F82987 /* Info.plist */,
				7D55A93D2609D0E3003E19DA /* Constants.swift */,
				7DE751DA260872030099A0E1 /* Extensions.swift */,
			);
			path = "Supporting Files";
			sourceTree = "<group>";
		};
		870E30F82608535D00F82987 /* Application */ = {
			isa = PBXGroup;
			children = (
				870E30E126084FC900F82987 /* AppDelegate.swift */,
				870E30E326084FC900F82987 /* SceneDelegate.swift */,
				870E30E726084FC900F82987 /* Main.storyboard */,
				870E30EC26084FE700F82987 /* LaunchScreen.storyboard */,
			);
			path = Application;
			sourceTree = "<group>";
		};
/* End PBXGroup section */

/* Begin PBXNativeTarget section */
		870E30DD26084FC900F82987 /* WeatherApp */ = {
			isa = PBXNativeTarget;
			buildConfigurationList = 870E30F226084FE700F82987 /* Build configuration list for PBXNativeTarget "WeatherApp" */;
			buildPhases = (
				870E30DA26084FC900F82987 /* Sources */,
				870E30DB26084FC900F82987 /* Frameworks */,
				870E30DC26084FC900F82987 /* Resources */,
			);
			buildRules = (
			);
			dependencies = (
			);
			name = WeatherApp;
			productName = WeatherApp;
			productReference = 870E30DE26084FC900F82987 /* WeatherApp.app */;
			productType = "com.apple.product-type.application";
		};
/* End PBXNativeTarget section */

/* Begin PBXProject section */
		870E30D626084FC900F82987 /* Project object */ = {
			isa = PBXProject;
			attributes = {
				LastSwiftUpdateCheck = 1240;
				LastUpgradeCheck = 1240;
				TargetAttributes = {
					870E30DD26084FC900F82987 = {
						CreatedOnToolsVersion = 12.4;
					};
				};
			};
			buildConfigurationList = 870E30D926084FC900F82987 /* Build configuration list for PBXProject "WeatherApp" */;
			compatibilityVersion = "Xcode 9.3";
			developmentRegion = en;
			hasScannedForEncodings = 0;
			knownRegions = (
				en,
				Base,
			);
			mainGroup = 870E30D526084FC900F82987;
			productRefGroup = 870E30DF26084FC900F82987 /* Products */;
			projectDirPath = "";
			projectRoot = "";
			targets = (
				870E30DD26084FC900F82987 /* WeatherApp */,
			);
		};
/* End PBXProject section */

/* Begin PBXResourcesBuildPhase section */
		870E30DC26084FC900F82987 /* Resources */ = {
			isa = PBXResourcesBuildPhase;
			buildActionMask = 2147483647;
			files = (
				870E30EE26084FE700F82987 /* LaunchScreen.storyboard in Resources */,
				870E30EB26084FE700F82987 /* Assets.xcassets in Resources */,
				870E30E926084FC900F82987 /* Main.storyboard in Resources */,
			);
			runOnlyForDeploymentPostprocessing = 0;
		};
/* End PBXResourcesBuildPhase section */

/* Begin PBXSourcesBuildPhase section */
		870E30DA26084FC900F82987 /* Sources */ = {
			isa = PBXSourcesBuildPhase;
			buildActionMask = 2147483647;
			files = (
				7DA57AAB2609B911008FE912 /* GetCityResponse.swift in Sources */,
				7DA57AA82609AE50008FE912 /* NetworkService.swift in Sources */,
				7DE751EE26087BC20099A0E1 /* DetailViewController.swift in Sources */,
				7DE751F426087D550099A0E1 /* DetailViewModel.swift in Sources */,
				7DE751DE260872640099A0E1 /* CityTableViewCell.swift in Sources */,
				7DE752102608B5060099A0E1 /* EditTitleViewController.swift in Sources */,
				870E30E226084FC900F82987 /* AppDelegate.swift in Sources */,
				7D55A93E2609D0E3003E19DA /* Constants.swift in Sources */,
				7DE751E4260876E50099A0E1 /* TableViewCellViewModelType.swift in Sources */,
				7DE7520326089B480099A0E1 /* SelectLocationViewController.swift in Sources */,
				870E30E426084FC900F82987 /* SceneDelegate.swift in Sources */,
				7DE751FF26089AAC0099A0E1 /* SelectLocationViewModelType.swift in Sources */,
				7DE751CD26086EC00099A0E1 /* TableViewController.swift in Sources */,
				7D30BBA7260C60E500E7757F /* LocalStorageService.swift in Sources */,
				7D30BB9D260C570900E7757F /* MapViewModelType.swift in Sources */,
				7DE752192608B90F0099A0E1 /* EditTitleViewModel.swift in Sources */,
				7DA57AAE2609B9B8008FE912 /* CityNetworkService.swift in Sources */,
				7DE752132608B5270099A0E1 /* EditTitleCityViewModelType.swift in Sources */,
				7D30BBA3260C57DA00E7757F /* MapViewModel.swift in Sources */,
				7DE7520626089B700099A0E1 /* SelectLocationViewModel.swift in Sources */,
				7DE751FC260898870099A0E1 /* Coordinates.swift in Sources */,
				7DE751DB260872030099A0E1 /* Extensions.swift in Sources */,
				7DE751E8260878460099A0E1 /* TableViewCellViewModel.swift in Sources */,
				7DE751D026086F210099A0E1 /* TableViewModel.swift in Sources */,
				7DE751C826086E020099A0E1 /* Storyboarded.swift in Sources */,
				7D30BB9A260C552C00E7757F /* MapViewController.swift in Sources */,
				7DE751D8260870A00099A0E1 /* TableViewModelType.swift in Sources */,
				7DE751E1260874350099A0E1 /* AddCityTableViewCell.swift in Sources */,
				7DE751F126087CC70099A0E1 /* DetailViewModelType.swift in Sources */,
				7DE751D426086F780099A0E1 /* City.swift in Sources */,
			);
			runOnlyForDeploymentPostprocessing = 0;
		};
/* End PBXSourcesBuildPhase section */

/* Begin PBXVariantGroup section */
		870E30E726084FC900F82987 /* Main.storyboard */ = {
			isa = PBXVariantGroup;
			children = (
				870E30E826084FC900F82987 /* Base */,
			);
			name = Main.storyboard;
			sourceTree = "<group>";
		};
		870E30EC26084FE700F82987 /* LaunchScreen.storyboard */ = {
			isa = PBXVariantGroup;
			children = (
				870E30ED26084FE700F82987 /* Base */,
			);
			name = LaunchScreen.storyboard;
			sourceTree = "<group>";
		};
/* End PBXVariantGroup section */

/* Begin XCBuildConfiguration section */
		870E30F026084FE700F82987 /* Debug */ = {
			isa = XCBuildConfiguration;
			buildSettings = {
				ALWAYS_SEARCH_USER_PATHS = NO;
				CLANG_ANALYZER_NONNULL = YES;
				CLANG_ANALYZER_NUMBER_OBJECT_CONVERSION = YES_AGGRESSIVE;
				CLANG_CXX_LANGUAGE_STANDARD = "gnu++14";
				CLANG_CXX_LIBRARY = "libc++";
				CLANG_ENABLE_MODULES = YES;
				CLANG_ENABLE_OBJC_ARC = YES;
				CLANG_ENABLE_OBJC_WEAK = YES;
				CLANG_WARN_BLOCK_CAPTURE_AUTORELEASING = YES;
				CLANG_WARN_BOOL_CONVERSION = YES;
				CLANG_WARN_COMMA = YES;
				CLANG_WARN_CONSTANT_CONVERSION = YES;
				CLANG_WARN_DEPRECATED_OBJC_IMPLEMENTATIONS = YES;
				CLANG_WARN_DIRECT_OBJC_ISA_USAGE = YES_ERROR;
				CLANG_WARN_DOCUMENTATION_COMMENTS = YES;
				CLANG_WARN_EMPTY_BODY = YES;
				CLANG_WARN_ENUM_CONVERSION = YES;
				CLANG_WARN_INFINITE_RECURSION = YES;
				CLANG_WARN_INT_CONVERSION = YES;
				CLANG_WARN_NON_LITERAL_NULL_CONVERSION = YES;
				CLANG_WARN_OBJC_IMPLICIT_RETAIN_SELF = YES;
				CLANG_WARN_OBJC_LITERAL_CONVERSION = YES;
				CLANG_WARN_OBJC_ROOT_CLASS = YES_ERROR;
				CLANG_WARN_QUOTED_INCLUDE_IN_FRAMEWORK_HEADER = YES;
				CLANG_WARN_RANGE_LOOP_ANALYSIS = YES;
				CLANG_WARN_STRICT_PROTOTYPES = YES;
				CLANG_WARN_SUSPICIOUS_MOVE = YES;
				CLANG_WARN_UNGUARDED_AVAILABILITY = YES_AGGRESSIVE;
				CLANG_WARN_UNREACHABLE_CODE = YES;
				CLANG_WARN__DUPLICATE_METHOD_MATCH = YES;
				COPY_PHASE_STRIP = NO;
				DEBUG_INFORMATION_FORMAT = dwarf;
				ENABLE_STRICT_OBJC_MSGSEND = YES;
				ENABLE_TESTABILITY = YES;
				GCC_C_LANGUAGE_STANDARD = gnu11;
				GCC_DYNAMIC_NO_PIC = NO;
				GCC_NO_COMMON_BLOCKS = YES;
				GCC_OPTIMIZATION_LEVEL = 0;
				GCC_PREPROCESSOR_DEFINITIONS = (
					"DEBUG=1",
					"$(inherited)",
				);
				GCC_WARN_64_TO_32_BIT_CONVERSION = YES;
				GCC_WARN_ABOUT_RETURN_TYPE = YES_ERROR;
				GCC_WARN_UNDECLARED_SELECTOR = YES;
				GCC_WARN_UNINITIALIZED_AUTOS = YES_AGGRESSIVE;
				GCC_WARN_UNUSED_FUNCTION = YES;
				GCC_WARN_UNUSED_VARIABLE = YES;
				IPHONEOS_DEPLOYMENT_TARGET = 14.4;
				MTL_ENABLE_DEBUG_INFO = INCLUDE_SOURCE;
				MTL_FAST_MATH = YES;
				ONLY_ACTIVE_ARCH = YES;
				SDKROOT = iphoneos;
				SWIFT_ACTIVE_COMPILATION_CONDITIONS = DEBUG;
				SWIFT_OPTIMIZATION_LEVEL = "-Onone";
			};
			name = Debug;
		};
		870E30F126084FE700F82987 /* Release */ = {
			isa = XCBuildConfiguration;
			buildSettings = {
				ALWAYS_SEARCH_USER_PATHS = NO;
				CLANG_ANALYZER_NONNULL = YES;
				CLANG_ANALYZER_NUMBER_OBJECT_CONVERSION = YES_AGGRESSIVE;
				CLANG_CXX_LANGUAGE_STANDARD = "gnu++14";
				CLANG_CXX_LIBRARY = "libc++";
				CLANG_ENABLE_MODULES = YES;
				CLANG_ENABLE_OBJC_ARC = YES;
				CLANG_ENABLE_OBJC_WEAK = YES;
				CLANG_WARN_BLOCK_CAPTURE_AUTORELEASING = YES;
				CLANG_WARN_BOOL_CONVERSION = YES;
				CLANG_WARN_COMMA = YES;
				CLANG_WARN_CONSTANT_CONVERSION = YES;
				CLANG_WARN_DEPRECATED_OBJC_IMPLEMENTATIONS = YES;
				CLANG_WARN_DIRECT_OBJC_ISA_USAGE = YES_ERROR;
				CLANG_WARN_DOCUMENTATION_COMMENTS = YES;
				CLANG_WARN_EMPTY_BODY = YES;
				CLANG_WARN_ENUM_CONVERSION = YES;
				CLANG_WARN_INFINITE_RECURSION = YES;
				CLANG_WARN_INT_CONVERSION = YES;
				CLANG_WARN_NON_LITERAL_NULL_CONVERSION = YES;
				CLANG_WARN_OBJC_IMPLICIT_RETAIN_SELF = YES;
				CLANG_WARN_OBJC_LITERAL_CONVERSION = YES;
				CLANG_WARN_OBJC_ROOT_CLASS = YES_ERROR;
				CLANG_WARN_QUOTED_INCLUDE_IN_FRAMEWORK_HEADER = YES;
				CLANG_WARN_RANGE_LOOP_ANALYSIS = YES;
				CLANG_WARN_STRICT_PROTOTYPES = YES;
				CLANG_WARN_SUSPICIOUS_MOVE = YES;
				CLANG_WARN_UNGUARDED_AVAILABILITY = YES_AGGRESSIVE;
				CLANG_WARN_UNREACHABLE_CODE = YES;
				CLANG_WARN__DUPLICATE_METHOD_MATCH = YES;
				COPY_PHASE_STRIP = NO;
				DEBUG_INFORMATION_FORMAT = "dwarf-with-dsym";
				ENABLE_NS_ASSERTIONS = NO;
				ENABLE_STRICT_OBJC_MSGSEND = YES;
				GCC_C_LANGUAGE_STANDARD = gnu11;
				GCC_NO_COMMON_BLOCKS = YES;
				GCC_WARN_64_TO_32_BIT_CONVERSION = YES;
				GCC_WARN_ABOUT_RETURN_TYPE = YES_ERROR;
				GCC_WARN_UNDECLARED_SELECTOR = YES;
				GCC_WARN_UNINITIALIZED_AUTOS = YES_AGGRESSIVE;
				GCC_WARN_UNUSED_FUNCTION = YES;
				GCC_WARN_UNUSED_VARIABLE = YES;
				IPHONEOS_DEPLOYMENT_TARGET = 14.4;
				MTL_ENABLE_DEBUG_INFO = NO;
				MTL_FAST_MATH = YES;
				SDKROOT = iphoneos;
				SWIFT_COMPILATION_MODE = wholemodule;
				SWIFT_OPTIMIZATION_LEVEL = "-O";
				VALIDATE_PRODUCT = YES;
			};
			name = Release;
		};
		870E30F326084FE700F82987 /* Debug */ = {
			isa = XCBuildConfiguration;
			buildSettings = {
				ASSETCATALOG_COMPILER_APPICON_NAME = AppIcon;
				ASSETCATALOG_COMPILER_GLOBAL_ACCENT_COLOR_NAME = AccentColor;
				CODE_SIGN_IDENTITY = "Apple Development";
				CODE_SIGN_STYLE = Automatic;
				DEVELOPMENT_TEAM = "";
				INFOPLIST_FILE = "WeatherApp/Supporting Files/Info.plist";
				IPHONEOS_DEPLOYMENT_TARGET = 14.3;
				LD_RUNPATH_SEARCH_PATHS = (
					"$(inherited)",
					"@executable_path/Frameworks",
				);
				PRODUCT_BUNDLE_IDENTIFIER = Krosdir.WeatherApp;
				PRODUCT_NAME = "$(TARGET_NAME)";
				PROVISIONING_PROFILE_SPECIFIER = "";
				SWIFT_VERSION = 5.0;
				TARGETED_DEVICE_FAMILY = "1,2";
			};
			name = Debug;
		};
		870E30F426084FE700F82987 /* Release */ = {
			isa = XCBuildConfiguration;
			buildSettings = {
				ASSETCATALOG_COMPILER_APPICON_NAME = AppIcon;
				ASSETCATALOG_COMPILER_GLOBAL_ACCENT_COLOR_NAME = AccentColor;
				CODE_SIGN_IDENTITY = "Apple Development";
				CODE_SIGN_STYLE = Automatic;
				DEVELOPMENT_TEAM = "";
				INFOPLIST_FILE = "WeatherApp/Supporting Files/Info.plist";
				IPHONEOS_DEPLOYMENT_TARGET = 14.3;
				LD_RUNPATH_SEARCH_PATHS = (
					"$(inherited)",
					"@executable_path/Frameworks",
				);
				PRODUCT_BUNDLE_IDENTIFIER = Krosdir.WeatherApp;
				PRODUCT_NAME = "$(TARGET_NAME)";
				PROVISIONING_PROFILE_SPECIFIER = "";
				SWIFT_VERSION = 5.0;
				TARGETED_DEVICE_FAMILY = "1,2";
			};
			name = Release;
		};
/* End XCBuildConfiguration section */

/* Begin XCConfigurationList section */
		870E30D926084FC900F82987 /* Build configuration list for PBXProject "WeatherApp" */ = {
			isa = XCConfigurationList;
			buildConfigurations = (
				870E30F026084FE700F82987 /* Debug */,
				870E30F126084FE700F82987 /* Release */,
			);
			defaultConfigurationIsVisible = 0;
			defaultConfigurationName = Release;
		};
		870E30F226084FE700F82987 /* Build configuration list for PBXNativeTarget "WeatherApp" */ = {
			isa = XCConfigurationList;
			buildConfigurations = (
				870E30F326084FE700F82987 /* Debug */,
				870E30F426084FE700F82987 /* Release */,
			);
			defaultConfigurationIsVisible = 0;
			defaultConfigurationName = Release;
		};
/* End XCConfigurationList section */
	};
	rootObject = 870E30D626084FC900F82987 /* Project object */;
}
